
Microsoft Visual Studio Solution File, Format Version 12.00
# Visual Studio Version 16
VisualStudioVersion = 16.0.30225.117
MinimumVisualStudioVersion = 10.0.40219.1
Project("{FAE04EC0-301F-11D3-BF4B-00C04F79EFBC}") = "AspNetCoreTestEmpty", "AspNetCoreTestEmpty\AspNetCoreTestEmpty.csproj", "{EF2B4895-0051-4356-98F5-95ADCE9E48F5}"
EndProject
Global
	GlobalSection(SolutionConfigurationPlatforms) = preSolution
		Debug|Any CPU = Debug|Any CPU
		Release|Any CPU = Release|Any CPU
	EndGlobalSection
	GlobalSection(ProjectConfigurationPlatforms) = postSolution
		{EF2B4895-0051-4356-98F5-95ADCE9E48F5}.Debug|Any CPU.ActiveCfg = Debug|Any CPU
		{EF2B4895-0051-4356-98F5-95ADCE9E48F5}.Debug|Any CPU.Build.0 = Debug|Any CPU
		{EF2B4895-0051-4356-98F5-95ADCE9E48F5}.Release|Any CPU.ActiveCfg = Release|Any CPU
		{EF2B4895-0051-4356-98F5-95ADCE9E48F5}.Release|Any CPU.Build.0 = Release|Any CPU
	EndGlobalSection
	GlobalSection(SolutionProperties) = preSolution
		HideSolutionNode = FALSE
	EndGlobalSection
	GlobalSection(ExtensibilityGlobals) = postSolution
		SolutionGuid = {429D9475-4A8F-4008-8994-3033F0098395}
	EndGlobalSection
EndGlobal
